{
    "name": "vmks-website",
    "version": "1.0.0",
    "lockfileVersion": 3,
    "requires": true,
    "packages": {
        "": {
            "name": "vmks-website",
            "version": "1.0.0",
            "license": "ISC",
            "dependencies": {
                "pnpm": "^8.6.3"
            }
        },
        "node_modules/pnpm": {
            "version": "8.6.3",
            "resolved": "https://registry.npmjs.org/pnpm/-/pnpm-8.6.3.tgz",
            "integrity": "sha512-0Y4neugHIJEEa8y8oJMfd9wwgHkc1hIq6JC/UEEl2K92s3+zPaKH26n7u22m67E+MU6fpKRkx+/+PYWZzr5yQw==",
            "bin": {
                "pnpm": "bin/pnpm.cjs",
                "pnpx": "bin/pnpx.cjs"
            },
            "engines": {
                "node": ">=16.14"
            },
            "funding": {
                "url": "https://opencollective.com/pnpm"
            }
        }
    }
}
