lockfileVersion: '6.0'

dependencies:
  pnpm:
    specifier: ^8.6.3
    version: 8.6.3

packages:

  /pnpm@8.6.3:
    resolution: {integrity: sha512-0Y4neugHIJEEa8y8oJMfd9wwgHkc1hIq6JC/UEEl2K92s3+zPaKH26n7u22m67E+MU6fpKRkx+/+PYWZzr5yQw==}
    engines: {node: '>=16.14'}
    hasBin: true
    dev: false

settings:
  autoInstallPeers: true
  excludeLinksFromLockfile: false
