# THIS IS AN AUTOGENERATED FILE. DO NOT EDIT THIS FILE DIRECTLY.
# yarn lockfile v1


pnpm@^8.6.3:
  version "8.6.3"
  resolved "https://registry.yarnpkg.com/pnpm/-/pnpm-8.6.3.tgz#30b2ad9776a393ccd1766239fd21e0c14a3c3acf"
  integrity sha512-0Y4neugHIJEEa8y8oJMfd9wwgHkc1hIq6JC/UEEl2K92s3+zPaKH26n7u22m67E+MU6fpKRkx+/+PYWZzr5yQw==
